
Microsoft Visual Studio Solution File, Format Version 11.00
# Visual Studio 2010
Project("{FAE04EC0-301F-11D3-BF4B-00C04F79EFBC}") = "tsEntry", "tsEntry\tsEntry.csproj", "{AE51E3FB-802A-490D-8055-74BCAB81C760}"
EndProject
Project("{FAE04EC0-301F-11D3-BF4B-00C04F79EFBC}") = "tsUI", "tsUI\tsUI.csproj", "{22E1BE8B-1AE0-4DF9-A481-CF3658A93B08}"
EndProject
Project("{FAE04EC0-301F-11D3-BF4B-00C04F79EFBC}") = "tsCore", "tsCore\tsCore.csproj", "{306822B2-A83E-49CF-9FF9-4CAF6D92BEBC}"
EndProject
Project("{FAE04EC0-301F-11D3-BF4B-00C04F79EFBC}") = "tsWin", "tsWin\tsWin.csproj", "{BC13DDFB-7A51-4CB2-BF90-7C39483269B5}"
EndProject
Project("{FAE04EC0-301F-11D3-BF4B-00C04F79EFBC}") = "tsDAL", "tsDAL\tsDAL.csproj", "{725392D8-D711-46B3-8639-4FB8DCFAB5D9}"
EndProject
Project("{FAE04EC0-301F-11D3-BF4B-00C04F79EFBC}") = "tsCoreStructures", "tsCoreStructures\tsCoreStructures.csproj", "{930BD161-424B-45AE-B541-326F70F739C0}"
EndProject
Project("{FAE04EC0-301F-11D3-BF4B-00C04F79EFBC}") = "tsUIwpf", "tsUIwpf\tsUIwpf.csproj", "{B4C62FF7-171B-4F56-BC9A-F9DD3754CC90}"
EndProject
Global
	GlobalSection(SubversionScc) = preSolution
		Svn-Managed = True
		Manager = AnkhSVN - Subversion Support for Visual Studio
	EndGlobalSection
	GlobalSection(SolutionConfigurationPlatforms) = preSolution
		Debug|Any CPU = Debug|Any CPU
		Debug|Mixed Platforms = Debug|Mixed Platforms
		Debug|x86 = Debug|x86
		Release|Any CPU = Release|Any CPU
		Release|Mixed Platforms = Release|Mixed Platforms
		Release|x86 = Release|x86
	EndGlobalSection
	GlobalSection(ProjectConfigurationPlatforms) = postSolution
		{AE51E3FB-802A-490D-8055-74BCAB81C760}.Debug|Any CPU.ActiveCfg = Debug|Any CPU
		{AE51E3FB-802A-490D-8055-74BCAB81C760}.Debug|Any CPU.Build.0 = Debug|Any CPU
		{AE51E3FB-802A-490D-8055-74BCAB81C760}.Debug|Mixed Platforms.ActiveCfg = Debug|Any CPU
		{AE51E3FB-802A-490D-8055-74BCAB81C760}.Debug|Mixed Platforms.Build.0 = Debug|Any CPU
		{AE51E3FB-802A-490D-8055-74BCAB81C760}.Debug|x86.ActiveCfg = Debug|Any CPU
		{AE51E3FB-802A-490D-8055-74BCAB81C760}.Release|Any CPU.ActiveCfg = Release|Any CPU
		{AE51E3FB-802A-490D-8055-74BCAB81C760}.Release|Any CPU.Build.0 = Release|Any CPU
		{AE51E3FB-802A-490D-8055-74BCAB81C760}.Release|Mixed Platforms.ActiveCfg = Release|Any CPU
		{AE51E3FB-802A-490D-8055-74BCAB81C760}.Release|Mixed Platforms.Build.0 = Release|Any CPU
		{AE51E3FB-802A-490D-8055-74BCAB81C760}.Release|x86.ActiveCfg = Release|Any CPU
		{22E1BE8B-1AE0-4DF9-A481-CF3658A93B08}.Debug|Any CPU.ActiveCfg = Debug|Any CPU
		{22E1BE8B-1AE0-4DF9-A481-CF3658A93B08}.Debug|Any CPU.Build.0 = Debug|Any CPU
		{22E1BE8B-1AE0-4DF9-A481-CF3658A93B08}.Debug|Mixed Platforms.ActiveCfg = Debug|Any CPU
		{22E1BE8B-1AE0-4DF9-A481-CF3658A93B08}.Debug|Mixed Platforms.Build.0 = Debug|Any CPU
		{22E1BE8B-1AE0-4DF9-A481-CF3658A93B08}.Debug|x86.ActiveCfg = Debug|Any CPU
		{22E1BE8B-1AE0-4DF9-A481-CF3658A93B08}.Release|Any CPU.ActiveCfg = Release|Any CPU
		{22E1BE8B-1AE0-4DF9-A481-CF3658A93B08}.Release|Any CPU.Build.0 = Release|Any CPU
		{22E1BE8B-1AE0-4DF9-A481-CF3658A93B08}.Release|Mixed Platforms.ActiveCfg = Release|Any CPU
		{22E1BE8B-1AE0-4DF9-A481-CF3658A93B08}.Release|Mixed Platforms.Build.0 = Release|Any CPU
		{22E1BE8B-1AE0-4DF9-A481-CF3658A93B08}.Release|x86.ActiveCfg = Release|Any CPU
		{306822B2-A83E-49CF-9FF9-4CAF6D92BEBC}.Debug|Any CPU.ActiveCfg = Debug|Any CPU
		{306822B2-A83E-49CF-9FF9-4CAF6D92BEBC}.Debug|Any CPU.Build.0 = Debug|Any CPU
		{306822B2-A83E-49CF-9FF9-4CAF6D92BEBC}.Debug|Mixed Platforms.ActiveCfg = Debug|Any CPU
		{306822B2-A83E-49CF-9FF9-4CAF6D92BEBC}.Debug|Mixed Platforms.Build.0 = Debug|Any CPU
		{306822B2-A83E-49CF-9FF9-4CAF6D92BEBC}.Debug|x86.ActiveCfg = Debug|Any CPU
		{306822B2-A83E-49CF-9FF9-4CAF6D92BEBC}.Release|Any CPU.ActiveCfg = Release|Any CPU
		{306822B2-A83E-49CF-9FF9-4CAF6D92BEBC}.Release|Any CPU.Build.0 = Release|Any CPU
		{306822B2-A83E-49CF-9FF9-4CAF6D92BEBC}.Release|Mixed Platforms.ActiveCfg = Release|Any CPU
		{306822B2-A83E-49CF-9FF9-4CAF6D92BEBC}.Release|Mixed Platforms.Build.0 = Release|Any CPU
		{306822B2-A83E-49CF-9FF9-4CAF6D92BEBC}.Release|x86.ActiveCfg = Release|Any CPU
		{BC13DDFB-7A51-4CB2-BF90-7C39483269B5}.Debug|Any CPU.ActiveCfg = Debug|Any CPU
		{BC13DDFB-7A51-4CB2-BF90-7C39483269B5}.Debug|Any CPU.Build.0 = Debug|Any CPU
		{BC13DDFB-7A51-4CB2-BF90-7C39483269B5}.Debug|Mixed Platforms.ActiveCfg = Debug|Any CPU
		{BC13DDFB-7A51-4CB2-BF90-7C39483269B5}.Debug|Mixed Platforms.Build.0 = Debug|Any CPU
		{BC13DDFB-7A51-4CB2-BF90-7C39483269B5}.Debug|x86.ActiveCfg = Debug|Any CPU
		{BC13DDFB-7A51-4CB2-BF90-7C39483269B5}.Release|Any CPU.ActiveCfg = Release|Any CPU
		{BC13DDFB-7A51-4CB2-BF90-7C39483269B5}.Release|Any CPU.Build.0 = Release|Any CPU
		{BC13DDFB-7A51-4CB2-BF90-7C39483269B5}.Release|Mixed Platforms.ActiveCfg = Release|Any CPU
		{BC13DDFB-7A51-4CB2-BF90-7C39483269B5}.Release|Mixed Platforms.Build.0 = Release|Any CPU
		{BC13DDFB-7A51-4CB2-BF90-7C39483269B5}.Release|x86.ActiveCfg = Release|Any CPU
		{725392D8-D711-46B3-8639-4FB8DCFAB5D9}.Debug|Any CPU.ActiveCfg = Debug|Any CPU
		{725392D8-D711-46B3-8639-4FB8DCFAB5D9}.Debug|Any CPU.Build.0 = Debug|Any CPU
		{725392D8-D711-46B3-8639-4FB8DCFAB5D9}.Debug|Mixed Platforms.ActiveCfg = Debug|Any CPU
		{725392D8-D711-46B3-8639-4FB8DCFAB5D9}.Debug|Mixed Platforms.Build.0 = Debug|Any CPU
		{725392D8-D711-46B3-8639-4FB8DCFAB5D9}.Debug|x86.ActiveCfg = Debug|Any CPU
		{725392D8-D711-46B3-8639-4FB8DCFAB5D9}.Release|Any CPU.ActiveCfg = Release|Any CPU
		{725392D8-D711-46B3-8639-4FB8DCFAB5D9}.Release|Any CPU.Build.0 = Release|Any CPU
		{725392D8-D711-46B3-8639-4FB8DCFAB5D9}.Release|Mixed Platforms.ActiveCfg = Release|Any CPU
		{725392D8-D711-46B3-8639-4FB8DCFAB5D9}.Release|Mixed Platforms.Build.0 = Release|Any CPU
		{725392D8-D711-46B3-8639-4FB8DCFAB5D9}.Release|x86.ActiveCfg = Release|Any CPU
		{930BD161-424B-45AE-B541-326F70F739C0}.Debug|Any CPU.ActiveCfg = Debug|Any CPU
		{930BD161-424B-45AE-B541-326F70F739C0}.Debug|Any CPU.Build.0 = Debug|Any CPU
		{930BD161-424B-45AE-B541-326F70F739C0}.Debug|Mixed Platforms.ActiveCfg = Debug|Any CPU
		{930BD161-424B-45AE-B541-326F70F739C0}.Debug|Mixed Platforms.Build.0 = Debug|Any CPU
		{930BD161-424B-45AE-B541-326F70F739C0}.Debug|x86.ActiveCfg = Debug|Any CPU
		{930BD161-424B-45AE-B541-326F70F739C0}.Release|Any CPU.ActiveCfg = Release|Any CPU
		{930BD161-424B-45AE-B541-326F70F739C0}.Release|Any CPU.Build.0 = Release|Any CPU
		{930BD161-424B-45AE-B541-326F70F739C0}.Release|Mixed Platforms.ActiveCfg = Release|Any CPU
		{930BD161-424B-45AE-B541-326F70F739C0}.Release|Mixed Platforms.Build.0 = Release|Any CPU
		{930BD161-424B-45AE-B541-326F70F739C0}.Release|x86.ActiveCfg = Release|Any CPU
		{B4C62FF7-171B-4F56-BC9A-F9DD3754CC90}.Debug|Any CPU.ActiveCfg = Debug|Any CPU
		{B4C62FF7-171B-4F56-BC9A-F9DD3754CC90}.Debug|Any CPU.Build.0 = Debug|Any CPU
		{B4C62FF7-171B-4F56-BC9A-F9DD3754CC90}.Debug|Mixed Platforms.ActiveCfg = Debug|Any CPU
		{B4C62FF7-171B-4F56-BC9A-F9DD3754CC90}.Debug|Mixed Platforms.Build.0 = Debug|Any CPU
		{B4C62FF7-171B-4F56-BC9A-F9DD3754CC90}.Debug|x86.ActiveCfg = Debug|Any CPU
		{B4C62FF7-171B-4F56-BC9A-F9DD3754CC90}.Release|Any CPU.ActiveCfg = Release|Any CPU
		{B4C62FF7-171B-4F56-BC9A-F9DD3754CC90}.Release|Any CPU.Build.0 = Release|Any CPU
		{B4C62FF7-171B-4F56-BC9A-F9DD3754CC90}.Release|Mixed Platforms.ActiveCfg = Release|Any CPU
		{B4C62FF7-171B-4F56-BC9A-F9DD3754CC90}.Release|Mixed Platforms.Build.0 = Release|Any CPU
		{B4C62FF7-171B-4F56-BC9A-F9DD3754CC90}.Release|x86.ActiveCfg = Release|Any CPU
	EndGlobalSection
	GlobalSection(SolutionProperties) = preSolution
		HideSolutionNode = FALSE
	EndGlobalSection
EndGlobal
